
Microsoft Visual Studio Solution File, Format Version 12.00
# Visual Studio Version 17
VisualStudioVersion = 17.10.35013.160
MinimumVisualStudioVersion = 10.0.40219.1
Project("{FAE04EC0-301F-11D3-BF4B-00C04F79EFBC}") = "pract1test", "pract1test\pract1test.csproj", "{F129662C-F758-4045-838D-2231F0CF8997}"
EndProject
Project("{FAE04EC0-301F-11D3-BF4B-00C04F79EFBC}") = "PasswordTests", "AmountTest\PasswordTests.csproj", "{D76E8036-F651-4D74-B1F0-CC8860A591F2}"
EndProject
Global
	GlobalSection(SolutionConfigurationPlatforms) = preSolution
		Debug|Any CPU = Debug|Any CPU
		Release|Any CPU = Release|Any CPU
	EndGlobalSection
	GlobalSection(ProjectConfigurationPlatforms) = postSolution
		{F129662C-F758-4045-838D-2231F0CF8997}.Debug|Any CPU.ActiveCfg = Debug|Any CPU
		{F129662C-F758-4045-838D-2231F0CF8997}.Debug|Any CPU.Build.0 = Debug|Any CPU
		{F129662C-F758-4045-838D-2231F0CF8997}.Release|Any CPU.ActiveCfg = Release|Any CPU
		{F129662C-F758-4045-838D-2231F0CF8997}.Release|Any CPU.Build.0 = Release|Any CPU
		{D76E8036-F651-4D74-B1F0-CC8860A591F2}.Debug|Any CPU.ActiveCfg = Debug|Any CPU
		{D76E8036-F651-4D74-B1F0-CC8860A591F2}.Debug|Any CPU.Build.0 = Debug|Any CPU
		{D76E8036-F651-4D74-B1F0-CC8860A591F2}.Release|Any CPU.ActiveCfg = Release|Any CPU
		{D76E8036-F651-4D74-B1F0-CC8860A591F2}.Release|Any CPU.Build.0 = Release|Any CPU
	EndGlobalSection
	GlobalSection(SolutionProperties) = preSolution
		HideSolutionNode = FALSE
	EndGlobalSection
	GlobalSection(ExtensibilityGlobals) = postSolution
		SolutionGuid = {6A38E454-6AC7-4C98-99B3-20D9DC25715B}
	EndGlobalSection
EndGlobal
